
Microsoft Visual Studio Solution File, Format Version 12.00
# Visual Studio Version 17
VisualStudioVersion = 17.3.32922.545
MinimumVisualStudioVersion = 10.0.40219.1
Project("{FAE04EC0-301F-11D3-BF4B-00C04F79EFBC}") = "Proverka", "Proverka\Proverka.csproj", "{B1809E6A-A453-4C6C-86B9-AA7E7EFCDEC8}"
EndProject
Project("{FAE04EC0-301F-11D3-BF4B-00C04F79EFBC}") = "Tests", "..\Tests\Tests.csproj", "{78A2DF09-67B1-4539-B8CA-1FB0FE5DACC2}"
EndProject
Global
	GlobalSection(SolutionConfigurationPlatforms) = preSolution
		Debug|Any CPU = Debug|Any CPU
		Release|Any CPU = Release|Any CPU
	EndGlobalSection
	GlobalSection(ProjectConfigurationPlatforms) = postSolution
		{B1809E6A-A453-4C6C-86B9-AA7E7EFCDEC8}.Debug|Any CPU.ActiveCfg = Debug|Any CPU
		{B1809E6A-A453-4C6C-86B9-AA7E7EFCDEC8}.Debug|Any CPU.Build.0 = Debug|Any CPU
		{B1809E6A-A453-4C6C-86B9-AA7E7EFCDEC8}.Release|Any CPU.ActiveCfg = Release|Any CPU
		{B1809E6A-A453-4C6C-86B9-AA7E7EFCDEC8}.Release|Any CPU.Build.0 = Release|Any CPU
		{78A2DF09-67B1-4539-B8CA-1FB0FE5DACC2}.Debug|Any CPU.ActiveCfg = Debug|Any CPU
		{78A2DF09-67B1-4539-B8CA-1FB0FE5DACC2}.Debug|Any CPU.Build.0 = Debug|Any CPU
		{78A2DF09-67B1-4539-B8CA-1FB0FE5DACC2}.Release|Any CPU.ActiveCfg = Release|Any CPU
		{78A2DF09-67B1-4539-B8CA-1FB0FE5DACC2}.Release|Any CPU.Build.0 = Release|Any CPU
	EndGlobalSection
	GlobalSection(SolutionProperties) = preSolution
		HideSolutionNode = FALSE
	EndGlobalSection
	GlobalSection(ExtensibilityGlobals) = postSolution
		SolutionGuid = {93C70B4F-7C19-46FA-8C1B-5472409767FD}
	EndGlobalSection
EndGlobal
